{
  "version": 4,
  "terraform_version": "1.13.3",
  "serial": 9,
  "lineage": "e063bf57-f466-5235-c9ea-61b0850e3013",
  "outputs": {},
  "resources": [
    {
      "mode": "managed",
      "type": "azurerm_resource_group",
      "name": "victor_ribeiro_test_rg",
      "provider": "provider[\"registry.terraform.io/hashicorp/azurerm\"]",
      "instances": [
        {
          "schema_version": 0,
          "attributes": {
            "id": "/subscriptions/250ae9c3-6c33-4030-b72a-ed22fce22920/resourceGroups/victor_ribeiro_test_rg",
            "location": "westeurope",
            "managed_by": "",
            "name": "victor_ribeiro_test_rg",
            "tags": {},
            "timeouts": null
          },
          "sensitive_attributes": [],
          "identity_schema_version": 0,
          "private": "eyJlMmJmYjczMC1lY2FhLTExZTYtOGY4OC0zNDM2M2JjN2M0YzAiOnsiY3JlYXRlIjo1NDAwMDAwMDAwMDAwLCJkZWxldGUiOjU0MDAwMDAwMDAwMDAsInJlYWQiOjMwMDAwMDAwMDAwMCwidXBkYXRlIjo1NDAwMDAwMDAwMDAwfX0="
        }
      ]
    },
    {
      "mode": "managed",
      "type": "azurerm_service_plan",
      "name": "victor_ribeiro_test_sp",
      "provider": "provider[\"registry.terraform.io/hashicorp/azurerm\"]",
      "instances": [
        {
          "schema_version": 1,
          "attributes": {
            "app_service_environment_id": "",
            "id": "/subscriptions/250ae9c3-6c33-4030-b72a-ed22fce22920/resourceGroups/victor_ribeiro_test_rg/providers/Microsoft.Web/serverFarms/victor_ribeiro_test_sp",
            "kind": "app",
            "location": "westeurope",
            "maximum_elastic_worker_count": 1,
            "name": "victor_ribeiro_test_sp",
            "os_type": "Windows",
            "per_site_scaling_enabled": false,
            "premium_plan_auto_scale_enabled": false,
            "reserved": false,
            "resource_group_name": "victor_ribeiro_test_rg",
            "sku_name": "S1",
            "tags": {},
            "timeouts": null,
            "worker_count": 1,
            "zone_balancing_enabled": false
          },
          "sensitive_attributes": [],
          "identity_schema_version": 0,
          "private": "eyJlMmJmYjczMC1lY2FhLTExZTYtOGY4OC0zNDM2M2JjN2M0YzAiOnsiY3JlYXRlIjozNjAwMDAwMDAwMDAwLCJkZWxldGUiOjM2MDAwMDAwMDAwMDAsInJlYWQiOjMwMDAwMDAwMDAwMCwidXBkYXRlIjozNjAwMDAwMDAwMDAwfSwic2NoZW1hX3ZlcnNpb24iOiIxIn0=",
          "dependencies": [
            "azurerm_resource_group.victor_ribeiro_test_rg"
          ]
        }
      ]
    },
    {
      "mode": "managed",
      "type": "azurerm_windows_web_app",
      "name": "app",
      "provider": "provider[\"registry.terraform.io/hashicorp/azurerm\"]",
      "instances": [
        {
          "schema_version": 1,
          "attributes": {
            "app_settings": {
              "WEBSITE_RUN_FROM_PACKAGE": "1"
            },
            "auth_settings": [],
            "auth_settings_v2": [],
            "backup": [],
            "client_affinity_enabled": false,
            "client_certificate_enabled": false,
            "client_certificate_exclusion_paths": "",
            "client_certificate_mode": "Required",
            "connection_string": [],
            "custom_domain_verification_id": "A20FD1DD24553625936AB5B41DE2EF7587D48487C39A0BACDD28821A1F09571F",
            "default_hostname": "victor-ribeiro-test-app.azurewebsites.net",
            "enabled": true,
            "ftp_publish_basic_authentication_enabled": true,
            "hosting_environment_id": "",
            "https_only": false,
            "id": "/subscriptions/250ae9c3-6c33-4030-b72a-ed22fce22920/resourceGroups/victor_ribeiro_test_rg/providers/Microsoft.Web/sites/victor-ribeiro-test-app",
            "identity": [],
            "key_vault_reference_identity_id": "SystemAssigned",
            "kind": "app",
            "location": "westeurope",
            "logs": [],
            "name": "victor-ribeiro-test-app",
            "outbound_ip_address_list": [
              "20.50.224.216",
              "20.50.225.36",
              "20.50.225.42",
              "20.50.225.44",
              "20.50.225.53",
              "20.50.225.70",
              "20.50.2.0"
            ],
            "outbound_ip_addresses": "20.50.224.216,20.50.225.36,20.50.225.42,20.50.225.44,20.50.225.53,20.50.225.70,20.50.2.0",
            "possible_outbound_ip_address_list": [
              "20.50.224.216",
              "20.50.225.36",
              "20.50.225.42",
              "20.50.225.44",
              "20.50.225.53",
              "20.50.225.70",
              "50.85.48.7",
              "20.50.225.74",
              "20.50.225.81",
              "20.50.225.91",
              "20.50.225.105",
              "20.50.225.111",
              "20.50.225.147",
              "51.105.100.10",
              "51.105.103.181",
              "51.124.79.58",
              "51.124.79.122",
              "51.137.22.253",
              "51.124.10.230",
              "20.50.216.13",
              "20.50.221.214",
              "20.50.221.220",
              "20.50.222.206",
              "51.124.14.104",
              "20.54.176.75",
              "20.50.225.160",
              "20.50.225.167",
              "52.143.9.136",
              "20.71.6.30",
              "20.73.39.34",
              "20.73.39.209",
              "20.50.2.0"
            ],
            "possible_outbound_ip_addresses": "20.50.224.216,20.50.225.36,20.50.225.42,20.50.225.44,20.50.225.53,20.50.225.70,50.85.48.7,20.50.225.74,20.50.225.81,20.50.225.91,20.50.225.105,20.50.225.111,20.50.225.147,51.105.100.10,51.105.103.181,51.124.79.58,51.124.79.122,51.137.22.253,51.124.10.230,20.50.216.13,20.50.221.214,20.50.221.220,20.50.222.206,51.124.14.104,20.54.176.75,20.50.225.160,20.50.225.167,52.143.9.136,20.71.6.30,20.73.39.34,20.73.39.209,20.50.2.0",
            "public_network_access_enabled": true,
            "resource_group_name": "victor_ribeiro_test_rg",
            "service_plan_id": "/subscriptions/250ae9c3-6c33-4030-b72a-ed22fce22920/resourceGroups/victor_ribeiro_test_rg/providers/Microsoft.Web/serverFarms/victor_ribeiro_test_sp",
            "site_config": [
              {
                "always_on": true,
                "api_definition_url": "",
                "api_management_api_id": "",
                "app_command_line": "",
                "application_stack": [
                  {
                    "current_stack": "",
                    "docker_image_name": "",
                    "docker_registry_password": "",
                    "docker_registry_url": "",
                    "docker_registry_username": "",
                    "dotnet_core_version": "",
                    "dotnet_version": "v4.0",
                    "java_container": "",
                    "java_container_version": "",
                    "java_embedded_server_enabled": false,
                    "java_version": "",
                    "node_version": "",
                    "php_version": "5.6",
                    "python": false,
                    "tomcat_version": ""
                  }
                ],
                "auto_heal_setting": [],
                "container_registry_managed_identity_client_id": "",
                "container_registry_use_managed_identity": false,
                "cors": [],
                "default_documents": [
                  "Default.htm",
                  "Default.html",
                  "Default.asp",
                  "index.htm",
                  "index.html",
                  "iisstart.htm",
                  "default.aspx",
                  "index.php",
                  "hostingstart.html"
                ],
                "detailed_error_logging_enabled": false,
                "ftps_state": "Disabled",
                "handler_mapping": [],
                "health_check_eviction_time_in_min": 0,
                "health_check_path": "",
                "http2_enabled": false,
                "ip_restriction": [],
                "ip_restriction_default_action": "Allow",
                "linux_fx_version": "",
                "load_balancing_mode": "LeastRequests",
                "local_mysql_enabled": false,
                "managed_pipeline_mode": "Integrated",
                "minimum_tls_version": "1.2",
                "remote_debugging_enabled": false,
                "remote_debugging_version": "VS2022",
                "scm_ip_restriction": [],
                "scm_ip_restriction_default_action": "Allow",
                "scm_minimum_tls_version": "1.2",
                "scm_type": "None",
                "scm_use_main_ip_restriction": false,
                "use_32_bit_worker": true,
                "virtual_application": [],
                "vnet_route_all_enabled": false,
                "websockets_enabled": false,
                "windows_fx_version": "",
                "worker_count": 1
              }
            ],
            "site_credential": [
              {
                "name": "$victor-ribeiro-test-app",
                "password": "XwHaamTZCPaGdKZLSrsZJYsgbpRnA0wLKl34Luoxtu2XxAjfGpS6922tHlbh"
              }
            ],
            "sticky_settings": [],
            "storage_account": [],
            "tags": {},
            "timeouts": null,
            "virtual_network_backup_restore_enabled": false,
            "virtual_network_subnet_id": "",
            "webdeploy_publish_basic_authentication_enabled": true,
            "zip_deploy_file": ""
          },
          "sensitive_attributes": [
            [
              {
                "type": "get_attr",
                "value": "custom_domain_verification_id"
              }
            ],
            [
              {
                "type": "get_attr",
                "value": "site_config"
              },
              {
                "type": "index",
                "value": {
                  "value": 0,
                  "type": "number"
                }
              },
              {
                "type": "get_attr",
                "value": "application_stack"
              },
              {
                "type": "index",
                "value": {
                  "value": 0,
                  "type": "number"
                }
              },
              {
                "type": "get_attr",
                "value": "docker_registry_password"
              }
            ],
            [
              {
                "type": "get_attr",
                "value": "site_credential"
              }
            ]
          ],
          "identity_schema_version": 0,
          "private": "eyJlMmJmYjczMC1lY2FhLTExZTYtOGY4OC0zNDM2M2JjN2M0YzAiOnsiY3JlYXRlIjoxODAwMDAwMDAwMDAwLCJkZWxldGUiOjE4MDAwMDAwMDAwMDAsInJlYWQiOjMwMDAwMDAwMDAwMCwidXBkYXRlIjoxODAwMDAwMDAwMDAwfSwic2NoZW1hX3ZlcnNpb24iOiIxIn0=",
          "dependencies": [
            "azurerm_resource_group.victor_ribeiro_test_rg",
            "azurerm_service_plan.victor_ribeiro_test_sp"
          ]
        }
      ]
    }
  ],
  "check_results": null
}
